
Microsoft Visual Studio Solution File, Format Version 12.00
# Visual Studio Version 16
VisualStudioVersion = 16.0.29609.76
MinimumVisualStudioVersion = 10.0.40219.1
Project("{FAE04EC0-301F-11D3-BF4B-00C04F79EFBC}") = "Bloom Filter", "Bloom Filter\Bloom Filter.csproj", "{794DFA77-F199-4FA0-BB24-98DD26C0914E}"
EndProject
Global
	GlobalSection(SolutionConfigurationPlatforms) = preSolution
		Debug|Any CPU = Debug|Any CPU
		Release|Any CPU = Release|Any CPU
	EndGlobalSection
	GlobalSection(ProjectConfigurationPlatforms) = postSolution
		{794DFA77-F199-4FA0-BB24-98DD26C0914E}.Debug|Any CPU.ActiveCfg = Debug|Any CPU
		{794DFA77-F199-4FA0-BB24-98DD26C0914E}.Debug|Any CPU.Build.0 = Debug|Any CPU
		{794DFA77-F199-4FA0-BB24-98DD26C0914E}.Release|Any CPU.ActiveCfg = Release|Any CPU
		{794DFA77-F199-4FA0-BB24-98DD26C0914E}.Release|Any CPU.Build.0 = Release|Any CPU
	EndGlobalSection
	GlobalSection(SolutionProperties) = preSolution
		HideSolutionNode = FALSE
	EndGlobalSection
	GlobalSection(ExtensibilityGlobals) = postSolution
		SolutionGuid = {F89FA812-7DE0-4E0C-9B82-F2D11BE4263A}
	EndGlobalSection
EndGlobal
